{
  "requires": true,
  "lockfileVersion": 1,
  "dependencies": {
    "@types/jquery": {
      "version": "3.2.12",
      "resolved": "https://registry.npmjs.org/@types/jquery/-/jquery-3.2.12.tgz",
      "integrity": "sha512-xZzTbUju6AYFE/088UcH2+dB7yTLHlujDju9pfncD1WLl2LWa6Mn+WzKjFfhn8YA+he53j5K0Rfdw89BN0kDug=="
    },
    "@types/jqueryui": {
      "version": "1.11.36",
      "resolved": "https://registry.npmjs.org/@types/jqueryui/-/jqueryui-1.11.36.tgz",
      "integrity": "sha512-5nwSp1I4jcK9ubEIqsYm/SHoIiv24EIpuMMpbt6qkdiaY5Q+a47CE8RB3BjDZ5zVC0in/5262/p3HHCba1yCpg==",
      "dev": true,
      "requires": {
        "@types/jquery": "3.2.12"
      }
    }
  }
}
